<?xml version="1.0" encoding="utf-8"?>
<Project ToolsVersion="4.0" xmlns="http://schemas.microsoft.com/developer/msbuild/2003">
  <ItemGroup>
    <Filter Include="Source Files">
      <UniqueIdentifier>{4FC737F1-C7A5-4376-A066-2A32D752A2FF}</UniqueIdentifier>
      <Extensions>cpp;c;cc;cxx;def;odl;idl;hpj;bat;asm;asmx</Extensions>
    </Filter>
    <Filter Include="Source Files\socket">
      <UniqueIdentifier>{18080ee1-44af-46b7-9fb1-0e4600f8b1fb}</UniqueIdentifier>
    </Filter>
    <Filter Include="Source Files\http">
      <UniqueIdentifier>{a46def80-1646-4136-bab8-240a9e143dce}</UniqueIdentifier>
    </Filter>
    <Filter Include="Source Files\util">
      <UniqueIdentifier>{eea681db-1a5e-4d1a-a99c-ca2cdda5a253}</UniqueIdentifier>
    </Filter>
    <Filter Include="Source Files\asynchttp">
      <UniqueIdentifier>{3b9571c2-7d74-4e6a-a3cb-57f299582af5}</UniqueIdentifier>
    </Filter>
    <Filter Include="Header Files">
      <UniqueIdentifier>{93995380-89BD-4b04-88EB-625FBE52EBFB}</UniqueIdentifier>
      <Extensions>h;hpp;hxx;hm;inl;inc;xsd</Extensions>
    </Filter>
    <Filter Include="Header Files\socket">
      <UniqueIdentifier>{95954234-cbc7-4bf6-a817-f58d7e77cc14}</UniqueIdentifier>
    </Filter>
    <Filter Include="Header Files\http">
      <UniqueIdentifier>{046c0399-5a2d-465b-8281-13e364b4c663}</UniqueIdentifier>
    </Filter>
    <Filter Include="Header Files\util">
      <UniqueIdentifier>{b53e1a79-45cf-4c59-a451-f3c756b8a934}</UniqueIdentifier>
    </Filter>
    <Filter Include="Header Files\asynchttp">
      <UniqueIdentifier>{b5de8682-db51-4eb4-b8d3-4f6ec3face5e}</UniqueIdentifier>
    </Filter>
    <Filter Include="Resource Files">
      <UniqueIdentifier>{67DA6AB6-F800-4c08-8B7A-83BB121AAD01}</UniqueIdentifier>
      <Extensions>rc;ico;cur;bmp;dlg;rc2;rct;bin;rgs;gif;jpg;jpeg;jpe;resx;tiff;tif;png;wav</Extensions>
    </Filter>
  </ItemGroup>
  <ItemGroup>
    <ClCompile Include="dll_init.cpp">
      <Filter>Source Files</Filter>
    </ClCompile>
    <ClCompile Include="proxy_socket .cpp">
      <Filter>Source Files\socket</Filter>
    </ClCompile>
    <ClCompile Include="socket_helper.cpp">
      <Filter>Source Files\socket</Filter>
    </ClCompile>
    <ClCompile Include="streaming_socket.cpp">
      <Filter>Source Files\socket</Filter>
    </ClCompile>
    <ClCompile Include="http_client.cpp">
      <Filter>Source Files\http</Filter>
    </ClCompile>
    <ClCompile Include="http_header_parser.cpp">
      <Filter>Source Files\http</Filter>
    </ClCompile>
    <ClCompile Include="http_post_file.cpp">
      <Filter>Source Files\http</Filter>
    </ClCompile>
    <ClCompile Include="http_request.cpp">
      <Filter>Source Files\http</Filter>
    </ClCompile>
    <ClCompile Include="http_response.cpp">
      <Filter>Source Files\http</Filter>
    </ClCompile>
    <ClCompile Include="http_response_receiver.cpp">
      <Filter>Source Files\http</Filter>
    </ClCompile>
    <ClCompile Include="url_parser.cpp">
      <Filter>Source Files\http</Filter>
    </ClCompile>
    <ClCompile Include="base64.cpp">
      <Filter>Source Files\util</Filter>
    </ClCompile>
    <ClCompile Include="file_reader.cpp">
      <Filter>Source Files\util</Filter>
    </ClCompile>
    <ClCompile Include="file_writer.cpp">
      <Filter>Source Files\util</Filter>
    </ClCompile>
    <ClCompile Include="thread.cpp">
      <Filter>Source Files\util</Filter>
    </ClCompile>
    <ClCompile Include="util.cpp">
      <Filter>Source Files\util</Filter>
    </ClCompile>
    <ClCompile Include="http_pool.cpp">
      <Filter>Source Files\asynchttp</Filter>
    </ClCompile>
    <ClCompile Include="http_thread.cpp">
      <Filter>Source Files\asynchttp</Filter>
    </ClCompile>
  </ItemGroup>
  <ItemGroup>
    <ClInclude Include="global_defs.h">
      <Filter>Header Files</Filter>
    </ClInclude>
    <ClInclude Include="http.h">
      <Filter>Header Files</Filter>
    </ClInclude>
    <ClInclude Include="standard_header.h">
      <Filter>Header Files</Filter>
    </ClInclude>
    <ClInclude Include="proxy_config.h">
      <Filter>Header Files\socket</Filter>
    </ClInclude>
    <ClInclude Include="proxy_socket.h">
      <Filter>Header Files\socket</Filter>
    </ClInclude>
    <ClInclude Include="socket_helper.h">
      <Filter>Header Files\socket</Filter>
    </ClInclude>
    <ClInclude Include="streaming_socket.h">
      <Filter>Header Files\socket</Filter>
    </ClInclude>
    <ClInclude Include="http_client.h">
      <Filter>Header Files\http</Filter>
    </ClInclude>
    <ClInclude Include="http_delegate.h">
      <Filter>Header Files\http</Filter>
    </ClInclude>
    <ClInclude Include="http_global.h">
      <Filter>Header Files\http</Filter>
    </ClInclude>
    <ClInclude Include="http_header_parser.h">
      <Filter>Header Files\http</Filter>
    </ClInclude>
    <ClInclude Include="http_post_file.h">
      <Filter>Header Files\http</Filter>
    </ClInclude>
    <ClInclude Include="http_request.h">
      <Filter>Header Files\http</Filter>
    </ClInclude>
    <ClInclude Include="http_response.h">
      <Filter>Header Files\http</Filter>
    </ClInclude>
    <ClInclude Include="http_response_receiver.h">
      <Filter>Header Files\http</Filter>
    </ClInclude>
    <ClInclude Include="url_parser.h">
      <Filter>Header Files\http</Filter>
    </ClInclude>
    <ClInclude Include="base64.h">
      <Filter>Header Files\util</Filter>
    </ClInclude>
    <ClInclude Include="file_reader.h">
      <Filter>Header Files\util</Filter>
    </ClInclude>
    <ClInclude Include="file_writer.h">
      <Filter>Header Files\util</Filter>
    </ClInclude>
    <ClInclude Include="lock.h">
      <Filter>Header Files\util</Filter>
    </ClInclude>
    <ClInclude Include="thread.h">
      <Filter>Header Files\util</Filter>
    </ClInclude>
    <ClInclude Include="util.h">
      <Filter>Header Files\util</Filter>
    </ClInclude>
    <ClInclude Include="http_pool.h">
      <Filter>Header Files\asynchttp</Filter>
    </ClInclude>
    <ClInclude Include="http_thread.h">
      <Filter>Header Files\asynchttp</Filter>
    </ClInclude>
  </ItemGroup>
</Project>